{
  "lockfileVersion": 1,
  "workspaces": {
    "": {
      "name": "j8s",
      "dependencies": {
        "@kunkun/kkrpc": "npm:@jsr/kunkun__kkrpc",
        "citty": "^0.1.6",
        "cron": "^4.3.0",
      },
      "devDependencies": {
        "@types/bun": "latest",
      },
      "peerDependencies": {
        "typescript": "^5",
      },
    },
  },
  "packages": {
    "@kunkun/kkrpc": ["@jsr/kunkun__kkrpc@0.2.2", "https://npm.jsr.io/~/11/@jsr/kunkun__kkrpc/0.2.2.tgz", { "dependencies": { "@tauri-apps/plugin-shell": "^2.2.0", "superjson": "^2.2.2" } }, "sha512-lTi8lJNaRd0e9knEA1vw4RK5g/Az4gX/VF9P6TXUOFx6cRV9f1edvE8rG+2R1OPdrTsI9AUbe7lAwwmV+0/gmw=="],

    "@tauri-apps/api": ["@tauri-apps/api@2.5.0", "", {}, "sha512-Ldux4ip+HGAcPUmuLT8EIkk6yafl5vK0P0c0byzAKzxJh7vxelVtdPONjfgTm96PbN24yjZNESY8CKo8qniluA=="],

    "@tauri-apps/plugin-shell": ["@tauri-apps/plugin-shell@2.2.1", "", { "dependencies": { "@tauri-apps/api": "^2.0.0" } }, "sha512-G1GFYyWe/KlCsymuLiNImUgC8zGY0tI0Y3p8JgBCWduR5IEXlIJS+JuG1qtveitwYXlfJrsExt3enhv5l2/yhA=="],

    "@types/bun": ["@types/bun@1.2.13", "", { "dependencies": { "bun-types": "1.2.13" } }, "sha512-u6vXep/i9VBxoJl3GjZsl/BFIsvML8DfVDO0RYLEwtSZSp981kEO1V5NwRcO1CPJ7AmvpbnDCiMKo3JvbDEjAg=="],

    "@types/luxon": ["@types/luxon@3.6.2", "", {}, "sha512-R/BdP7OxEMc44l2Ex5lSXHoIXTB2JLNa3y2QISIbr58U/YcsffyQrYW//hZSdrfxrjRZj3GcUoxMPGdO8gSYuw=="],

    "@types/node": ["@types/node@22.15.17", "", { "dependencies": { "undici-types": "~6.21.0" } }, "sha512-wIX2aSZL5FE+MR0JlvF87BNVrtFWf6AE6rxSE9X7OwnVvoyCQjpzSRJ+M87se/4QCkCiebQAqrJ0y6fwIyi7nw=="],

    "bun-types": ["bun-types@1.2.13", "", { "dependencies": { "@types/node": "*" } }, "sha512-rRjA1T6n7wto4gxhAO/ErZEtOXyEZEmnIHQfl0Dt1QQSB4QV0iP6BZ9/YB5fZaHFQ2dwHFrmPaRQ9GGMX01k9Q=="],

    "citty": ["citty@0.1.6", "", { "dependencies": { "consola": "^3.2.3" } }, "sha512-tskPPKEs8D2KPafUypv2gxwJP8h/OaJmC82QQGGDQcHvXX43xF2VDACcJVmZ0EuSxkpO9Kc4MlrA3q0+FG58AQ=="],

    "consola": ["consola@3.4.2", "", {}, "sha512-5IKcdX0nnYavi6G7TtOhwkYzyjfJlatbjMjuLSfE2kYT5pMDOilZ4OvMhi637CcDICTmz3wARPoyhqyX1Y+XvA=="],

    "copy-anything": ["copy-anything@3.0.5", "", { "dependencies": { "is-what": "^4.1.8" } }, "sha512-yCEafptTtb4bk7GLEQoM8KVJpxAfdBJYaXyzQEgQQQgYrZiDp8SJmGKlYza6CYjEDNstAdNdKA3UuoULlEbS6w=="],

    "cron": ["cron@4.3.0", "", { "dependencies": { "@types/luxon": "~3.6.0", "luxon": "~3.6.0" } }, "sha512-ciiYNLfSlF9MrDqnbMdRWFiA6oizSF7kA1osPP9lRzNu0Uu+AWog1UKy7SkckiDY2irrNjeO6qLyKnXC8oxmrw=="],

    "is-what": ["is-what@4.1.16", "", {}, "sha512-ZhMwEosbFJkA0YhFnNDgTM4ZxDRsS6HqTo7qsZM08fehyRYIYa0yHu5R6mgo1n/8MgaPBXiPimPD77baVFYg+A=="],

    "luxon": ["luxon@3.6.1", "", {}, "sha512-tJLxrKJhO2ukZ5z0gyjY1zPh3Rh88Ej9P7jNrZiHMUXHae1yvI2imgOZtL1TO8TW6biMMKfTtAOoEJANgtWBMQ=="],

    "superjson": ["superjson@2.2.2", "", { "dependencies": { "copy-anything": "^3.0.2" } }, "sha512-5JRxVqC8I8NuOUjzBbvVJAKNM8qoVuH0O77h4WInc/qC2q5IreqKxYwgkga3PfA22OayK2ikceb/B26dztPl+Q=="],

    "typescript": ["typescript@5.8.3", "", { "bin": { "tsc": "bin/tsc", "tsserver": "bin/tsserver" } }, "sha512-p1diW6TqL9L07nNxvRMM7hMMw4c5XOo/1ibL4aAIGmSAt9slTE1Xgw5KWuof2uTOvCg9BY7ZRi+GaF+7sfgPeQ=="],

    "undici-types": ["undici-types@6.21.0", "", {}, "sha512-iwDZqg0QAGrg9Rav5H4n0M64c3mkR59cJ6wQp+7C4nI0gsmExaedaYLNO44eT4AtBBwjbTiGPMlt2Md0T9H9JQ=="],
  }
}
